PODS:
  - GeoFeatures (0.2.7):
    - GeoFeatures/Internal (= 0.2.7)
  - GeoFeatures/Internal (0.2.7):
    - GeoFeatures/Internal/boost (= 0.2.7)
    - GeoFeatures/Internal/detail (= 0.2.7)
  - GeoFeatures/Internal/boost (0.2.7)
  - GeoFeatures/Internal/detail (0.2.7):
    - GeoFeatures/Internal/boost

DEPENDENCIES:
  - GeoFeatures (from `../`)

EXTERNAL SOURCES:
  GeoFeatures:
    :path: ../

SPEC CHECKSUMS:
  GeoFeatures: 9c6ca7b8e1e5b2d58799c0fa3a0b8ee11ff78f2d

COCOAPODS: 0.37.2
