PODS:
  - GeoFeatures2 (0.1.0):
    - GeoFeatures2/Geometry (= 0.1.0)
  - GeoFeatures2/Geometry (0.1.0)
  - GeoFeatures2/Visualization (0.1.0)

DEPENDENCIES:
  - GeoFeatures2 (from `../`)
  - GeoFeatures2/Visualization (from `../`)

EXTERNAL SOURCES:
  GeoFeatures2:
    :path: "../"

SPEC CHECKSUMS:
  GeoFeatures2: 009d2d15c974fa826c102081d7d7880a3b1c7463

COCOAPODS: 0.39.0
