// !$*UTF8*$!
{
	archiveVersion = 1;
	classes = {
	};
	objectVersion = 46;
	objects = {

/* Begin PBXAggregateTarget section */
		EAC75E881C91E84900BA35F8 /* Process Source Files */ = {
			isa = PBXAggregateTarget;
			buildConfigurationList = EAC75E891C91E84900BA35F8 /* Build configuration list for PBXAggregateTarget "Process Source Files" */;
			buildPhases = (
				EAC75E8C1C91E86600BA35F8 /* ShellScript */,
				EAC75E8D1C91E86800BA35F8 /* ShellScript */,
				EA475D161CDBDD4B0013AFA1 /* ShellScript */,
			);
			dependencies = (
			);
			name = "Process Source Files";
			productName = "Process GYB Files";
		};
/* End PBXAggregateTarget section */

/* Begin PBXBuildFile section */
		607FACD61AFB9204008FA782 /* AppDelegate.swift in Sources */ = {isa = PBXBuildFile; fileRef = 607FACD51AFB9204008FA782 /* AppDelegate.swift */; };
		607FACD81AFB9204008FA782 /* ViewController.swift in Sources */ = {isa = PBXBuildFile; fileRef = 607FACD71AFB9204008FA782 /* ViewController.swift */; };
		607FACDB1AFB9204008FA782 /* Main.storyboard in Resources */ = {isa = PBXBuildFile; fileRef = 607FACD91AFB9204008FA782 /* Main.storyboard */; };
		607FACDD1AFB9204008FA782 /* Images.xcassets in Resources */ = {isa = PBXBuildFile; fileRef = 607FACDC1AFB9204008FA782 /* Images.xcassets */; };
		607FACE01AFB9204008FA782 /* LaunchScreen.xib in Resources */ = {isa = PBXBuildFile; fileRef = 607FACDE1AFB9204008FA782 /* LaunchScreen.xib */; };
		BF5C19E555F0BB8ED799E286 /* Pods_GeoFeatures2_Example.framework in Frameworks */ = {isa = PBXBuildFile; fileRef = 0B88AC2CCDA7AA09BD031B8E /* Pods_GeoFeatures2_Example.framework */; };
		DABEEBC540582F4C4AB425AA /* Pods_GeoFeatures2_Tests.framework in Frameworks */ = {isa = PBXBuildFile; fileRef = 28E76E80829A6C416EFFD976 /* Pods_GeoFeatures2_Tests.framework */; };
		EA0DF5F41CFD1EB100112C55 /* LinearRing+CurveTests.swift in Sources */ = {isa = PBXBuildFile; fileRef = EA0DF5F31CFD1EB100112C55 /* LinearRing+CurveTests.swift */; };
		EA1ADE931CDF88B0007DA473 /* IntersectionMatrixTests.swift in Sources */ = {isa = PBXBuildFile; fileRef = EA1ADE921CDF88B0007DA473 /* IntersectionMatrixTests.swift */; };
		EA475CB71CDA55E10013AFA1 /* Coordinate3DMTests.swift in Sources */ = {isa = PBXBuildFile; fileRef = EA475C9F1CDA55E10013AFA1 /* Coordinate3DMTests.swift */; };
		EA475CB81CDA55E10013AFA1 /* Coordinate3DTests.swift in Sources */ = {isa = PBXBuildFile; fileRef = EA475CA01CDA55E10013AFA1 /* Coordinate3DTests.swift */; };
		EA475CBA1CDA55E10013AFA1 /* FixedPrecisionTests.swift in Sources */ = {isa = PBXBuildFile; fileRef = EA475CA21CDA55E10013AFA1 /* FixedPrecisionTests.swift */; };
		EA475CBB1CDA55E10013AFA1 /* FloatingPrecisionTests.swift in Sources */ = {isa = PBXBuildFile; fileRef = EA475CA31CDA55E10013AFA1 /* FloatingPrecisionTests.swift */; };
		EA475CBC1CDA55E10013AFA1 /* GeometryCollection+GeometryTests.swift in Sources */ = {isa = PBXBuildFile; fileRef = EA475CA41CDA55E10013AFA1 /* GeometryCollection+GeometryTests.swift */; };
		EA475CBD1CDA55E10013AFA1 /* LinearRing+GeometryTests.swift in Sources */ = {isa = PBXBuildFile; fileRef = EA475CA51CDA55E10013AFA1 /* LinearRing+GeometryTests.swift */; };
		EA475CBE1CDA55E10013AFA1 /* LinearRing+SurfaceTests.swift in Sources */ = {isa = PBXBuildFile; fileRef = EA475CA61CDA55E10013AFA1 /* LinearRing+SurfaceTests.swift */; };
		EA475CBF1CDA55E10013AFA1 /* LinearRingTests.swift in Sources */ = {isa = PBXBuildFile; fileRef = EA475CA71CDA55E10013AFA1 /* LinearRingTests.swift */; };
		EA475CC01CDA55E10013AFA1 /* LineString+CurveTests.swift in Sources */ = {isa = PBXBuildFile; fileRef = EA475CA81CDA55E10013AFA1 /* LineString+CurveTests.swift */; };
		EA475CC11CDA55E10013AFA1 /* LineString+GeometryTests.swift in Sources */ = {isa = PBXBuildFile; fileRef = EA475CA91CDA55E10013AFA1 /* LineString+GeometryTests.swift */; };
		EA475CC21CDA55E10013AFA1 /* LineStringTests.swift in Sources */ = {isa = PBXBuildFile; fileRef = EA475CAA1CDA55E10013AFA1 /* LineStringTests.swift */; };
		EA475CC31CDA55E10013AFA1 /* MultiLineString+GeometryTests.swift in Sources */ = {isa = PBXBuildFile; fileRef = EA475CAB1CDA55E10013AFA1 /* MultiLineString+GeometryTests.swift */; };
		EA475CC41CDA55E10013AFA1 /* MultiPoint+GeometryTests.swift in Sources */ = {isa = PBXBuildFile; fileRef = EA475CAC1CDA55E10013AFA1 /* MultiPoint+GeometryTests.swift */; };
		EA475CC51CDA55E10013AFA1 /* MultiPointTests.swift in Sources */ = {isa = PBXBuildFile; fileRef = EA475CAD1CDA55E10013AFA1 /* MultiPointTests.swift */; };
		EA475CC71CDA55E10013AFA1 /* MultiPolygon+GeometryTests.swift in Sources */ = {isa = PBXBuildFile; fileRef = EA475CAF1CDA55E10013AFA1 /* MultiPolygon+GeometryTests.swift */; };
		EA475CC81CDA55E10013AFA1 /* MultiPolygon+SurfaceTests.swift in Sources */ = {isa = PBXBuildFile; fileRef = EA475CB01CDA55E10013AFA1 /* MultiPolygon+SurfaceTests.swift */; };
		EA475CC91CDA55E10013AFA1 /* Point+GeometryTests.swift in Sources */ = {isa = PBXBuildFile; fileRef = EA475CB11CDA55E10013AFA1 /* Point+GeometryTests.swift */; };
		EA475CCA1CDA55E10013AFA1 /* PointTests.swift in Sources */ = {isa = PBXBuildFile; fileRef = EA475CB21CDA55E10013AFA1 /* PointTests.swift */; };
		EA475CCB1CDA55E10013AFA1 /* Polygon+GeometryTests.swift in Sources */ = {isa = PBXBuildFile; fileRef = EA475CB31CDA55E10013AFA1 /* Polygon+GeometryTests.swift */; };
		EA475CCC1CDA55E10013AFA1 /* Polygon+SurfaceTest.swift in Sources */ = {isa = PBXBuildFile; fileRef = EA475CB41CDA55E10013AFA1 /* Polygon+SurfaceTest.swift */; };
		EA475CCD1CDA55E10013AFA1 /* WKTReaderTests.swift in Sources */ = {isa = PBXBuildFile; fileRef = EA475CB51CDA55E10013AFA1 /* WKTReaderTests.swift */; };
		EA475CCE1CDA55E10013AFA1 /* WKTWriterTests.swift in Sources */ = {isa = PBXBuildFile; fileRef = EA475CB61CDA55E10013AFA1 /* WKTWriterTests.swift */; };
		EA475CD11CDA56EC0013AFA1 /* Coordinate2DMTests.swift in Sources */ = {isa = PBXBuildFile; fileRef = EA475CCF1CDA56EC0013AFA1 /* Coordinate2DMTests.swift */; };
		EA475CD21CDA56EC0013AFA1 /* Coordinate2DTests.swift in Sources */ = {isa = PBXBuildFile; fileRef = EA475CD01CDA56EC0013AFA1 /* Coordinate2DTests.swift */; };
		EA475CD71CDA5CAC0013AFA1 /* CoordinateCollection.swift.gyb in Resources */ = {isa = PBXBuildFile; fileRef = EA475CD51CDA5CAC0013AFA1 /* CoordinateCollection.swift.gyb */; };
		EA475CD81CDA5CAC0013AFA1 /* GeometryCollection.swift.gyb in Resources */ = {isa = PBXBuildFile; fileRef = EA475CD61CDA5CAC0013AFA1 /* GeometryCollection.swift.gyb */; };
		EA475CDB1CDA62970013AFA1 /* CoordinateCollectionTests.swift.gyb in Resources */ = {isa = PBXBuildFile; fileRef = EA475CD91CDA62970013AFA1 /* CoordinateCollectionTests.swift.gyb */; };
		EA475CDC1CDA62970013AFA1 /* MultiPointTests.swift.gyb in Resources */ = {isa = PBXBuildFile; fileRef = EA475CDA1CDA62970013AFA1 /* MultiPointTests.swift.gyb */; };
		EA475CDF1CDA63060013AFA1 /* process_geometry_gyb.sh in Resources */ = {isa = PBXBuildFile; fileRef = EA475CDD1CDA63060013AFA1 /* process_geometry_gyb.sh */; };
		EA475CE01CDA63060013AFA1 /* process_tests_gyb.sh in Resources */ = {isa = PBXBuildFile; fileRef = EA475CDE1CDA63060013AFA1 /* process_tests_gyb.sh */; };
		EA475CE41CDA833F0013AFA1 /* Coordinate2DTests+XCTest.swift in Sources */ = {isa = PBXBuildFile; fileRef = EA475CE31CDA833F0013AFA1 /* Coordinate2DTests+XCTest.swift */; };
		EA475CE61CDA86420013AFA1 /* Coordinate2DMTests+XCTest.swift in Sources */ = {isa = PBXBuildFile; fileRef = EA475CE51CDA86420013AFA1 /* Coordinate2DMTests+XCTest.swift */; };
		EA475CE81CDA87480013AFA1 /* Coordinate3DTests+XCTest.swift in Sources */ = {isa = PBXBuildFile; fileRef = EA475CE71CDA87480013AFA1 /* Coordinate3DTests+XCTest.swift */; };
		EA475CEA1CDA876A0013AFA1 /* Coordinate3DMTests+XCTest.swift in Sources */ = {isa = PBXBuildFile; fileRef = EA475CE91CDA876A0013AFA1 /* Coordinate3DMTests+XCTest.swift */; };
		EA475D021CDBAFB50013AFA1 /* FixedPrecisionTests+XCTest.swift in Sources */ = {isa = PBXBuildFile; fileRef = EA475CEE1CDBAFB50013AFA1 /* FixedPrecisionTests+XCTest.swift */; };
		EA475D031CDBAFB50013AFA1 /* FloatingPrecisionTests+XCTest.swift in Sources */ = {isa = PBXBuildFile; fileRef = EA475CEF1CDBAFB50013AFA1 /* FloatingPrecisionTests+XCTest.swift */; };
		EA475D041CDBAFB50013AFA1 /* GeometryCollection+GeometryTests+XCTest.swift in Sources */ = {isa = PBXBuildFile; fileRef = EA475CF01CDBAFB50013AFA1 /* GeometryCollection+GeometryTests+XCTest.swift */; };
		EA475D051CDBAFB50013AFA1 /* LinearRing+GeometryTests+XCTest.swift in Sources */ = {isa = PBXBuildFile; fileRef = EA475CF11CDBAFB50013AFA1 /* LinearRing+GeometryTests+XCTest.swift */; };
		EA475D061CDBAFB50013AFA1 /* LinearRing+SurfaceTests+XCTest.swift in Sources */ = {isa = PBXBuildFile; fileRef = EA475CF21CDBAFB50013AFA1 /* LinearRing+SurfaceTests+XCTest.swift */; };
		EA475D071CDBAFB50013AFA1 /* LinearRingTests+XCTest.swift in Sources */ = {isa = PBXBuildFile; fileRef = EA475CF31CDBAFB50013AFA1 /* LinearRingTests+XCTest.swift */; };
		EA475D081CDBAFB50013AFA1 /* LineString+CurveTests+XCTest.swift in Sources */ = {isa = PBXBuildFile; fileRef = EA475CF41CDBAFB50013AFA1 /* LineString+CurveTests+XCTest.swift */; };
		EA475D091CDBAFB50013AFA1 /* LineString+GeometryTests+XCTest.swift in Sources */ = {isa = PBXBuildFile; fileRef = EA475CF51CDBAFB50013AFA1 /* LineString+GeometryTests+XCTest.swift */; };
		EA475D0A1CDBAFB50013AFA1 /* LineStringTests+XCTest.swift in Sources */ = {isa = PBXBuildFile; fileRef = EA475CF61CDBAFB50013AFA1 /* LineStringTests+XCTest.swift */; };
		EA475D0B1CDBAFB50013AFA1 /* MultiLineString+GeometryTests+XCTest.swift in Sources */ = {isa = PBXBuildFile; fileRef = EA475CF71CDBAFB50013AFA1 /* MultiLineString+GeometryTests+XCTest.swift */; };
		EA475D0C1CDBAFB50013AFA1 /* MultiPoint+GeometryTests+XCTest.swift in Sources */ = {isa = PBXBuildFile; fileRef = EA475CF81CDBAFB50013AFA1 /* MultiPoint+GeometryTests+XCTest.swift */; };
		EA475D0D1CDBAFB50013AFA1 /* MultiPointTests+XCTest.swift in Sources */ = {isa = PBXBuildFile; fileRef = EA475CF91CDBAFB50013AFA1 /* MultiPointTests+XCTest.swift */; };
		EA475D0E1CDBAFB50013AFA1 /* MultiPolygon+GeometryTests+XCTest.swift in Sources */ = {isa = PBXBuildFile; fileRef = EA475CFA1CDBAFB50013AFA1 /* MultiPolygon+GeometryTests+XCTest.swift */; };
		EA475D0F1CDBAFB50013AFA1 /* MultiPolygon+SurfaceTests+XCTest.swift in Sources */ = {isa = PBXBuildFile; fileRef = EA475CFB1CDBAFB50013AFA1 /* MultiPolygon+SurfaceTests+XCTest.swift */; };
		EA475D101CDBAFB50013AFA1 /* Point+GeometryTests+XCTest.swift in Sources */ = {isa = PBXBuildFile; fileRef = EA475CFC1CDBAFB50013AFA1 /* Point+GeometryTests+XCTest.swift */; };
		EA475D111CDBAFB50013AFA1 /* PointTests+XCTest.swift in Sources */ = {isa = PBXBuildFile; fileRef = EA475CFD1CDBAFB50013AFA1 /* PointTests+XCTest.swift */; };
		EA475D121CDBAFB50013AFA1 /* Polygon+GeometryTests+XCTest.swift in Sources */ = {isa = PBXBuildFile; fileRef = EA475CFE1CDBAFB50013AFA1 /* Polygon+GeometryTests+XCTest.swift */; };
		EA475D131CDBAFB50013AFA1 /* Polygon+SurfaceTest+XCTest.swift in Sources */ = {isa = PBXBuildFile; fileRef = EA475CFF1CDBAFB50013AFA1 /* Polygon+SurfaceTest+XCTest.swift */; };
		EA475D141CDBAFB50013AFA1 /* WKTReaderTests+XCTest.swift in Sources */ = {isa = PBXBuildFile; fileRef = EA475D001CDBAFB50013AFA1 /* WKTReaderTests+XCTest.swift */; };
		EA475D151CDBAFB50013AFA1 /* WKTWriterTests+XCTest.swift in Sources */ = {isa = PBXBuildFile; fileRef = EA475D011CDBAFB50013AFA1 /* WKTWriterTests+XCTest.swift */; };
		EA5C141D1CFE8A490004732E /* MultiLineString+CurveTests.swift in Sources */ = {isa = PBXBuildFile; fileRef = EA5C141B1CFE89BF0004732E /* MultiLineString+CurveTests.swift */; };
/* End PBXBuildFile section */

/* Begin PBXContainerItemProxy section */
		607FACE61AFB9204008FA782 /* PBXContainerItemProxy */ = {
			isa = PBXContainerItemProxy;
			containerPortal = 607FACC81AFB9204008FA782 /* Project object */;
			proxyType = 1;
			remoteGlobalIDString = 607FACCF1AFB9204008FA782;
			remoteInfo = GeoFeatures2;
		};
/* End PBXContainerItemProxy section */

/* Begin PBXFileReference section */
		006A7D88520201110758E6F9 /* Pods-GeoFeatures2_Example.debug.xcconfig */ = {isa = PBXFileReference; includeInIndex = 1; lastKnownFileType = text.xcconfig; name = "Pods-GeoFeatures2_Example.debug.xcconfig"; path = "Pods/Target Support Files/Pods-GeoFeatures2_Example/Pods-GeoFeatures2_Example.debug.xcconfig"; sourceTree = "<group>"; };
		0B88AC2CCDA7AA09BD031B8E /* Pods_GeoFeatures2_Example.framework */ = {isa = PBXFileReference; explicitFileType = wrapper.framework; includeInIndex = 0; path = Pods_GeoFeatures2_Example.framework; sourceTree = BUILT_PRODUCTS_DIR; };
		0F243D2FCE8800EAB521DC72 /* README.md */ = {isa = PBXFileReference; includeInIndex = 1; lastKnownFileType = net.daringfireball.markdown; name = README.md; path = ../README.md; sourceTree = "<group>"; };
		28E76E80829A6C416EFFD976 /* Pods_GeoFeatures2_Tests.framework */ = {isa = PBXFileReference; explicitFileType = wrapper.framework; includeInIndex = 0; path = Pods_GeoFeatures2_Tests.framework; sourceTree = BUILT_PRODUCTS_DIR; };
		2E8E8258ACE5267DDF6D0D4E /* LICENSE */ = {isa = PBXFileReference; includeInIndex = 1; lastKnownFileType = text; name = LICENSE; path = ../LICENSE; sourceTree = "<group>"; };
		607FACD01AFB9204008FA782 /* GeoFeatures2_Example.app */ = {isa = PBXFileReference; explicitFileType = wrapper.application; includeInIndex = 0; path = GeoFeatures2_Example.app; sourceTree = BUILT_PRODUCTS_DIR; };
		607FACD41AFB9204008FA782 /* Info.plist */ = {isa = PBXFileReference; lastKnownFileType = text.plist.xml; path = Info.plist; sourceTree = "<group>"; };
		607FACD51AFB9204008FA782 /* AppDelegate.swift */ = {isa = PBXFileReference; lastKnownFileType = sourcecode.swift; path = AppDelegate.swift; sourceTree = "<group>"; };
		607FACD71AFB9204008FA782 /* ViewController.swift */ = {isa = PBXFileReference; lastKnownFileType = sourcecode.swift; path = ViewController.swift; sourceTree = "<group>"; };
		607FACDA1AFB9204008FA782 /* Base */ = {isa = PBXFileReference; lastKnownFileType = file.storyboard; name = Base; path = Base.lproj/Main.storyboard; sourceTree = "<group>"; };
		607FACDC1AFB9204008FA782 /* Images.xcassets */ = {isa = PBXFileReference; lastKnownFileType = folder.assetcatalog; path = Images.xcassets; sourceTree = "<group>"; };
		607FACDF1AFB9204008FA782 /* Base */ = {isa = PBXFileReference; lastKnownFileType = file.xib; name = Base; path = Base.lproj/LaunchScreen.xib; sourceTree = "<group>"; };
		607FACE51AFB9204008FA782 /* GeoFeatures2_Tests.xctest */ = {isa = PBXFileReference; explicitFileType = wrapper.cfbundle; includeInIndex = 0; path = GeoFeatures2_Tests.xctest; sourceTree = BUILT_PRODUCTS_DIR; };
		A452A8843B6059AC09DA6B21 /* Pods-GeoFeatures2_Tests.release.xcconfig */ = {isa = PBXFileReference; includeInIndex = 1; lastKnownFileType = text.xcconfig; name = "Pods-GeoFeatures2_Tests.release.xcconfig"; path = "Pods/Target Support Files/Pods-GeoFeatures2_Tests/Pods-GeoFeatures2_Tests.release.xcconfig"; sourceTree = "<group>"; };
		CD829F37916D32011B39AD57 /* GeoFeatures2.podspec */ = {isa = PBXFileReference; includeInIndex = 1; lastKnownFileType = text; name = GeoFeatures2.podspec; path = ../GeoFeatures2.podspec; sourceTree = "<group>"; };
		EA0DF5F31CFD1EB100112C55 /* LinearRing+CurveTests.swift */ = {isa = PBXFileReference; fileEncoding = 4; lastKnownFileType = sourcecode.swift; path = "LinearRing+CurveTests.swift"; sourceTree = "<group>"; };
		EA1ADE921CDF88B0007DA473 /* IntersectionMatrixTests.swift */ = {isa = PBXFileReference; fileEncoding = 4; lastKnownFileType = sourcecode.swift; path = IntersectionMatrixTests.swift; sourceTree = "<group>"; };
		EA475C2D1CD907290013AFA1 /* Info.plist */ = {isa = PBXFileReference; fileEncoding = 4; lastKnownFileType = text.plist.xml; name = Info.plist; path = ../../Tests/Info.plist; sourceTree = "<group>"; };
		EA475C2F1CD9083A0013AFA1 /* Package.swift */ = {isa = PBXFileReference; lastKnownFileType = sourcecode.swift; name = Package.swift; path = ../Package.swift; sourceTree = "<group>"; };
		EA475C9F1CDA55E10013AFA1 /* Coordinate3DMTests.swift */ = {isa = PBXFileReference; fileEncoding = 4; lastKnownFileType = sourcecode.swift; path = Coordinate3DMTests.swift; sourceTree = "<group>"; };
		EA475CA01CDA55E10013AFA1 /* Coordinate3DTests.swift */ = {isa = PBXFileReference; fileEncoding = 4; lastKnownFileType = sourcecode.swift; path = Coordinate3DTests.swift; sourceTree = "<group>"; };
		EA475CA21CDA55E10013AFA1 /* FixedPrecisionTests.swift */ = {isa = PBXFileReference; fileEncoding = 4; lastKnownFileType = sourcecode.swift; path = FixedPrecisionTests.swift; sourceTree = "<group>"; };
		EA475CA31CDA55E10013AFA1 /* FloatingPrecisionTests.swift */ = {isa = PBXFileReference; fileEncoding = 4; lastKnownFileType = sourcecode.swift; path = FloatingPrecisionTests.swift; sourceTree = "<group>"; };
		EA475CA41CDA55E10013AFA1 /* GeometryCollection+GeometryTests.swift */ = {isa = PBXFileReference; fileEncoding = 4; lastKnownFileType = sourcecode.swift; path = "GeometryCollection+GeometryTests.swift"; sourceTree = "<group>"; };
		EA475CA51CDA55E10013AFA1 /* LinearRing+GeometryTests.swift */ = {isa = PBXFileReference; fileEncoding = 4; lastKnownFileType = sourcecode.swift; path = "LinearRing+GeometryTests.swift"; sourceTree = "<group>"; };
		EA475CA61CDA55E10013AFA1 /* LinearRing+SurfaceTests.swift */ = {isa = PBXFileReference; fileEncoding = 4; lastKnownFileType = sourcecode.swift; path = "LinearRing+SurfaceTests.swift"; sourceTree = "<group>"; };
		EA475CA71CDA55E10013AFA1 /* LinearRingTests.swift */ = {isa = PBXFileReference; fileEncoding = 4; lastKnownFileType = sourcecode.swift; path = LinearRingTests.swift; sourceTree = "<group>"; };
		EA475CA81CDA55E10013AFA1 /* LineString+CurveTests.swift */ = {isa = PBXFileReference; fileEncoding = 4; lastKnownFileType = sourcecode.swift; path = "LineString+CurveTests.swift"; sourceTree = "<group>"; };
		EA475CA91CDA55E10013AFA1 /* LineString+GeometryTests.swift */ = {isa = PBXFileReference; fileEncoding = 4; lastKnownFileType = sourcecode.swift; path = "LineString+GeometryTests.swift"; sourceTree = "<group>"; };
		EA475CAA1CDA55E10013AFA1 /* LineStringTests.swift */ = {isa = PBXFileReference; fileEncoding = 4; lastKnownFileType = sourcecode.swift; path = LineStringTests.swift; sourceTree = "<group>"; };
		EA475CAB1CDA55E10013AFA1 /* MultiLineString+GeometryTests.swift */ = {isa = PBXFileReference; fileEncoding = 4; lastKnownFileType = sourcecode.swift; path = "MultiLineString+GeometryTests.swift"; sourceTree = "<group>"; };
		EA475CAC1CDA55E10013AFA1 /* MultiPoint+GeometryTests.swift */ = {isa = PBXFileReference; fileEncoding = 4; lastKnownFileType = sourcecode.swift; path = "MultiPoint+GeometryTests.swift"; sourceTree = "<group>"; };
		EA475CAD1CDA55E10013AFA1 /* MultiPointTests.swift */ = {isa = PBXFileReference; fileEncoding = 4; lastKnownFileType = sourcecode.swift; path = MultiPointTests.swift; sourceTree = "<group>"; };
		EA475CAF1CDA55E10013AFA1 /* MultiPolygon+GeometryTests.swift */ = {isa = PBXFileReference; fileEncoding = 4; lastKnownFileType = sourcecode.swift; path = "MultiPolygon+GeometryTests.swift"; sourceTree = "<group>"; };
		EA475CB01CDA55E10013AFA1 /* MultiPolygon+SurfaceTests.swift */ = {isa = PBXFileReference; fileEncoding = 4; lastKnownFileType = sourcecode.swift; path = "MultiPolygon+SurfaceTests.swift"; sourceTree = "<group>"; };
		EA475CB11CDA55E10013AFA1 /* Point+GeometryTests.swift */ = {isa = PBXFileReference; fileEncoding = 4; lastKnownFileType = sourcecode.swift; path = "Point+GeometryTests.swift"; sourceTree = "<group>"; };
		EA475CB21CDA55E10013AFA1 /* PointTests.swift */ = {isa = PBXFileReference; fileEncoding = 4; lastKnownFileType = sourcecode.swift; path = PointTests.swift; sourceTree = "<group>"; };
		EA475CB31CDA55E10013AFA1 /* Polygon+GeometryTests.swift */ = {isa = PBXFileReference; fileEncoding = 4; lastKnownFileType = sourcecode.swift; path = "Polygon+GeometryTests.swift"; sourceTree = "<group>"; };
		EA475CB41CDA55E10013AFA1 /* Polygon+SurfaceTest.swift */ = {isa = PBXFileReference; fileEncoding = 4; lastKnownFileType = sourcecode.swift; path = "Polygon+SurfaceTest.swift"; sourceTree = "<group>"; };
		EA475CB51CDA55E10013AFA1 /* WKTReaderTests.swift */ = {isa = PBXFileReference; fileEncoding = 4; lastKnownFileType = sourcecode.swift; path = WKTReaderTests.swift; sourceTree = "<group>"; };
		EA475CB61CDA55E10013AFA1 /* WKTWriterTests.swift */ = {isa = PBXFileReference; fileEncoding = 4; lastKnownFileType = sourcecode.swift; path = WKTWriterTests.swift; sourceTree = "<group>"; };
		EA475CCF1CDA56EC0013AFA1 /* Coordinate2DMTests.swift */ = {isa = PBXFileReference; fileEncoding = 4; lastKnownFileType = sourcecode.swift; path = Coordinate2DMTests.swift; sourceTree = "<group>"; };
		EA475CD01CDA56EC0013AFA1 /* Coordinate2DTests.swift */ = {isa = PBXFileReference; fileEncoding = 4; lastKnownFileType = sourcecode.swift; path = Coordinate2DTests.swift; sourceTree = "<group>"; };
		EA475CD51CDA5CAC0013AFA1 /* CoordinateCollection.swift.gyb */ = {isa = PBXFileReference; fileEncoding = 4; lastKnownFileType = text; name = CoordinateCollection.swift.gyb; path = Source/Geometry/CoordinateCollection.swift.gyb; sourceTree = "<group>"; };
		EA475CD61CDA5CAC0013AFA1 /* GeometryCollection.swift.gyb */ = {isa = PBXFileReference; fileEncoding = 4; lastKnownFileType = text; name = GeometryCollection.swift.gyb; path = Source/Geometry/GeometryCollection.swift.gyb; sourceTree = "<group>"; };
		EA475CD91CDA62970013AFA1 /* CoordinateCollectionTests.swift.gyb */ = {isa = PBXFileReference; fileEncoding = 4; lastKnownFileType = text; name = CoordinateCollectionTests.swift.gyb; path = Tests/Geometry/CoordinateCollectionTests.swift.gyb; sourceTree = "<group>"; };
		EA475CDA1CDA62970013AFA1 /* MultiPointTests.swift.gyb */ = {isa = PBXFileReference; fileEncoding = 4; lastKnownFileType = text; name = MultiPointTests.swift.gyb; path = Tests/Geometry/MultiPointTests.swift.gyb; sourceTree = "<group>"; };
		EA475CDD1CDA63060013AFA1 /* process_geometry_gyb.sh */ = {isa = PBXFileReference; fileEncoding = 4; lastKnownFileType = text.script.sh; name = process_geometry_gyb.sh; path = Scripts/process_geometry_gyb.sh; sourceTree = "<group>"; };
		EA475CDE1CDA63060013AFA1 /* process_tests_gyb.sh */ = {isa = PBXFileReference; fileEncoding = 4; lastKnownFileType = text.script.sh; name = process_tests_gyb.sh; path = Scripts/process_tests_gyb.sh; sourceTree = "<group>"; };
		EA475CE11CDA6F1F0013AFA1 /* LinuxMain.swift */ = {isa = PBXFileReference; fileEncoding = 4; lastKnownFileType = sourcecode.swift; path = LinuxMain.swift; sourceTree = "<group>"; };
		EA475CE31CDA833F0013AFA1 /* Coordinate2DTests+XCTest.swift */ = {isa = PBXFileReference; fileEncoding = 4; lastKnownFileType = sourcecode.swift; path = "Coordinate2DTests+XCTest.swift"; sourceTree = "<group>"; };
		EA475CE51CDA86420013AFA1 /* Coordinate2DMTests+XCTest.swift */ = {isa = PBXFileReference; fileEncoding = 4; lastKnownFileType = sourcecode.swift; path = "Coordinate2DMTests+XCTest.swift"; sourceTree = "<group>"; };
		EA475CE71CDA87480013AFA1 /* Coordinate3DTests+XCTest.swift */ = {isa = PBXFileReference; fileEncoding = 4; lastKnownFileType = sourcecode.swift; path = "Coordinate3DTests+XCTest.swift"; sourceTree = "<group>"; };
		EA475CE91CDA876A0013AFA1 /* Coordinate3DMTests+XCTest.swift */ = {isa = PBXFileReference; fileEncoding = 4; lastKnownFileType = sourcecode.swift; path = "Coordinate3DMTests+XCTest.swift"; sourceTree = "<group>"; };
		EA475CED1CDAA4EB0013AFA1 /* process_test_files.rb */ = {isa = PBXFileReference; lastKnownFileType = text.script.ruby; name = process_test_files.rb; path = Scripts/process_test_files.rb; sourceTree = "<group>"; };
		EA475CEE1CDBAFB50013AFA1 /* FixedPrecisionTests+XCTest.swift */ = {isa = PBXFileReference; fileEncoding = 4; lastKnownFileType = sourcecode.swift; path = "FixedPrecisionTests+XCTest.swift"; sourceTree = "<group>"; };
		EA475CEF1CDBAFB50013AFA1 /* FloatingPrecisionTests+XCTest.swift */ = {isa = PBXFileReference; fileEncoding = 4; lastKnownFileType = sourcecode.swift; path = "FloatingPrecisionTests+XCTest.swift"; sourceTree = "<group>"; };
		EA475CF01CDBAFB50013AFA1 /* GeometryCollection+GeometryTests+XCTest.swift */ = {isa = PBXFileReference; fileEncoding = 4; lastKnownFileType = sourcecode.swift; path = "GeometryCollection+GeometryTests+XCTest.swift"; sourceTree = "<group>"; };
		EA475CF11CDBAFB50013AFA1 /* LinearRing+GeometryTests+XCTest.swift */ = {isa = PBXFileReference; fileEncoding = 4; lastKnownFileType = sourcecode.swift; path = "LinearRing+GeometryTests+XCTest.swift"; sourceTree = "<group>"; };
		EA475CF21CDBAFB50013AFA1 /* LinearRing+SurfaceTests+XCTest.swift */ = {isa = PBXFileReference; fileEncoding = 4; lastKnownFileType = sourcecode.swift; path = "LinearRing+SurfaceTests+XCTest.swift"; sourceTree = "<group>"; };
		EA475CF31CDBAFB50013AFA1 /* LinearRingTests+XCTest.swift */ = {isa = PBXFileReference; fileEncoding = 4; lastKnownFileType = sourcecode.swift; path = "LinearRingTests+XCTest.swift"; sourceTree = "<group>"; };
		EA475CF41CDBAFB50013AFA1 /* LineString+CurveTests+XCTest.swift */ = {isa = PBXFileReference; fileEncoding = 4; lastKnownFileType = sourcecode.swift; path = "LineString+CurveTests+XCTest.swift"; sourceTree = "<group>"; };
		EA475CF51CDBAFB50013AFA1 /* LineString+GeometryTests+XCTest.swift */ = {isa = PBXFileReference; fileEncoding = 4; lastKnownFileType = sourcecode.swift; path = "LineString+GeometryTests+XCTest.swift"; sourceTree = "<group>"; };
		EA475CF61CDBAFB50013AFA1 /* LineStringTests+XCTest.swift */ = {isa = PBXFileReference; fileEncoding = 4; lastKnownFileType = sourcecode.swift; path = "LineStringTests+XCTest.swift"; sourceTree = "<group>"; };
		EA475CF71CDBAFB50013AFA1 /* MultiLineString+GeometryTests+XCTest.swift */ = {isa = PBXFileReference; fileEncoding = 4; lastKnownFileType = sourcecode.swift; path = "MultiLineString+GeometryTests+XCTest.swift"; sourceTree = "<group>"; };
		EA475CF81CDBAFB50013AFA1 /* MultiPoint+GeometryTests+XCTest.swift */ = {isa = PBXFileReference; fileEncoding = 4; lastKnownFileType = sourcecode.swift; path = "MultiPoint+GeometryTests+XCTest.swift"; sourceTree = "<group>"; };
		EA475CF91CDBAFB50013AFA1 /* MultiPointTests+XCTest.swift */ = {isa = PBXFileReference; fileEncoding = 4; lastKnownFileType = sourcecode.swift; path = "MultiPointTests+XCTest.swift"; sourceTree = "<group>"; };
		EA475CFA1CDBAFB50013AFA1 /* MultiPolygon+GeometryTests+XCTest.swift */ = {isa = PBXFileReference; fileEncoding = 4; lastKnownFileType = sourcecode.swift; path = "MultiPolygon+GeometryTests+XCTest.swift"; sourceTree = "<group>"; };
		EA475CFB1CDBAFB50013AFA1 /* MultiPolygon+SurfaceTests+XCTest.swift */ = {isa = PBXFileReference; fileEncoding = 4; lastKnownFileType = sourcecode.swift; path = "MultiPolygon+SurfaceTests+XCTest.swift"; sourceTree = "<group>"; };
		EA475CFC1CDBAFB50013AFA1 /* Point+GeometryTests+XCTest.swift */ = {isa = PBXFileReference; fileEncoding = 4; lastKnownFileType = sourcecode.swift; path = "Point+GeometryTests+XCTest.swift"; sourceTree = "<group>"; };
		EA475CFD1CDBAFB50013AFA1 /* PointTests+XCTest.swift */ = {isa = PBXFileReference; fileEncoding = 4; lastKnownFileType = sourcecode.swift; path = "PointTests+XCTest.swift"; sourceTree = "<group>"; };
		EA475CFE1CDBAFB50013AFA1 /* Polygon+GeometryTests+XCTest.swift */ = {isa = PBXFileReference; fileEncoding = 4; lastKnownFileType = sourcecode.swift; path = "Polygon+GeometryTests+XCTest.swift"; sourceTree = "<group>"; };
		EA475CFF1CDBAFB50013AFA1 /* Polygon+SurfaceTest+XCTest.swift */ = {isa = PBXFileReference; fileEncoding = 4; lastKnownFileType = sourcecode.swift; path = "Polygon+SurfaceTest+XCTest.swift"; sourceTree = "<group>"; };
		EA475D001CDBAFB50013AFA1 /* WKTReaderTests+XCTest.swift */ = {isa = PBXFileReference; fileEncoding = 4; lastKnownFileType = sourcecode.swift; path = "WKTReaderTests+XCTest.swift"; sourceTree = "<group>"; };
		EA475D011CDBAFB50013AFA1 /* WKTWriterTests+XCTest.swift */ = {isa = PBXFileReference; fileEncoding = 4; lastKnownFileType = sourcecode.swift; path = "WKTWriterTests+XCTest.swift"; sourceTree = "<group>"; };
		EA5C141B1CFE89BF0004732E /* MultiLineString+CurveTests.swift */ = {isa = PBXFileReference; fileEncoding = 4; lastKnownFileType = sourcecode.swift; path = "MultiLineString+CurveTests.swift"; sourceTree = "<group>"; };
		EA799B4D1C723E0700397C2A /* GeoFeatures-Diagrams.graffle */ = {isa = PBXFileReference; lastKnownFileType = file; name = "GeoFeatures-Diagrams.graffle"; path = "../Docs/GeoFeatures-Diagrams.graffle"; sourceTree = "<group>"; };
		EA799B4E1C723E0700397C2A /* GeoFeatures-Inheritance-Diagram.png */ = {isa = PBXFileReference; lastKnownFileType = image.png; name = "GeoFeatures-Inheritance-Diagram.png"; path = "../Docs/GeoFeatures-Inheritance-Diagram.png"; sourceTree = "<group>"; };
		EAB4C1CC1C6F7D7D00F288D1 /* GeoFeatures.playground */ = {isa = PBXFileReference; lastKnownFileType = file.playground; path = GeoFeatures.playground; sourceTree = "<group>"; };
		EAE2CF5E1CD43D500050BC30 /* Vagrantfile */ = {isa = PBXFileReference; explicitFileType = text.script.ruby; name = Vagrantfile; path = ../Vagrantfile; sourceTree = "<group>"; xcLanguageSpecificationIdentifier = xcode.lang.ruby; };
		ECD05668FB877775EDD2C65A /* Pods-GeoFeatures2_Tests.debug.xcconfig */ = {isa = PBXFileReference; includeInIndex = 1; lastKnownFileType = text.xcconfig; name = "Pods-GeoFeatures2_Tests.debug.xcconfig"; path = "Pods/Target Support Files/Pods-GeoFeatures2_Tests/Pods-GeoFeatures2_Tests.debug.xcconfig"; sourceTree = "<group>"; };
		FA6B35E10B1FEDBFEEA17571 /* Pods-GeoFeatures2_Example.release.xcconfig */ = {isa = PBXFileReference; includeInIndex = 1; lastKnownFileType = text.xcconfig; name = "Pods-GeoFeatures2_Example.release.xcconfig"; path = "Pods/Target Support Files/Pods-GeoFeatures2_Example/Pods-GeoFeatures2_Example.release.xcconfig"; sourceTree = "<group>"; };
/* End PBXFileReference section */

/* Begin PBXFrameworksBuildPhase section */
		607FACCD1AFB9204008FA782 /* Frameworks */ = {
			isa = PBXFrameworksBuildPhase;
			buildActionMask = 2147483647;
			files = (
				BF5C19E555F0BB8ED799E286 /* Pods_GeoFeatures2_Example.framework in Frameworks */,
			);
			runOnlyForDeploymentPostprocessing = 0;
		};
		607FACE21AFB9204008FA782 /* Frameworks */ = {
			isa = PBXFrameworksBuildPhase;
			buildActionMask = 2147483647;
			files = (
				DABEEBC540582F4C4AB425AA /* Pods_GeoFeatures2_Tests.framework in Frameworks */,
			);
			runOnlyForDeploymentPostprocessing = 0;
		};
/* End PBXFrameworksBuildPhase section */

/* Begin PBXGroup section */
		189E2620EEF0303A1CE166D2 /* Frameworks */ = {
			isa = PBXGroup;
			children = (
				0B88AC2CCDA7AA09BD031B8E /* Pods_GeoFeatures2_Example.framework */,
				28E76E80829A6C416EFFD976 /* Pods_GeoFeatures2_Tests.framework */,
			);
			name = Frameworks;
			sourceTree = "<group>";
		};
		607FACC71AFB9204008FA782 = {
			isa = PBXGroup;
			children = (
				607FACF51AFB993E008FA782 /* Metadata */,
				607FACD21AFB9204008FA782 /* Example for GeoFeatures2 */,
				EAB4C1CB1C6F7D6B00F288D1 /* Playgrounds */,
				EA799B4C1C723DEF00397C2A /* Docs */,
				607FACE81AFB9204008FA782 /* Tests */,
				EAC75E7C1C91CD0100BA35F8 /* Scripts */,
				EAC75E831C91E5B200BA35F8 /* Gyb */,
				607FACD11AFB9204008FA782 /* Products */,
				6DBFAA283F83F17E5D472548 /* Pods */,
				189E2620EEF0303A1CE166D2 /* Frameworks */,
			);
			sourceTree = "<group>";
		};
		607FACD11AFB9204008FA782 /* Products */ = {
			isa = PBXGroup;
			children = (
				607FACD01AFB9204008FA782 /* GeoFeatures2_Example.app */,
				607FACE51AFB9204008FA782 /* GeoFeatures2_Tests.xctest */,
			);
			name = Products;
			sourceTree = "<group>";
		};
		607FACD21AFB9204008FA782 /* Example for GeoFeatures2 */ = {
			isa = PBXGroup;
			children = (
				607FACD51AFB9204008FA782 /* AppDelegate.swift */,
				607FACD71AFB9204008FA782 /* ViewController.swift */,
				607FACD91AFB9204008FA782 /* Main.storyboard */,
				607FACDC1AFB9204008FA782 /* Images.xcassets */,
				607FACDE1AFB9204008FA782 /* LaunchScreen.xib */,
				607FACD31AFB9204008FA782 /* Supporting Files */,
			);
			name = "Example for GeoFeatures2";
			path = GeoFeatures2;
			sourceTree = "<group>";
		};
		607FACD31AFB9204008FA782 /* Supporting Files */ = {
			isa = PBXGroup;
			children = (
				607FACD41AFB9204008FA782 /* Info.plist */,
			);
			name = "Supporting Files";
			sourceTree = "<group>";
		};
		607FACE81AFB9204008FA782 /* Tests */ = {
			isa = PBXGroup;
			children = (
				EA475CE11CDA6F1F0013AFA1 /* LinuxMain.swift */,
				EA475BDE1CD905B40013AFA1 /* Visualization */,
				EA475BDD1CD905AB0013AFA1 /* Geometry */,
				607FACE91AFB9204008FA782 /* Supporting Files */,
			);
			name = Tests;
			path = ../Tests;
			sourceTree = SOURCE_ROOT;
		};
		607FACE91AFB9204008FA782 /* Supporting Files */ = {
			isa = PBXGroup;
			children = (
				EA475C2D1CD907290013AFA1 /* Info.plist */,
			);
			name = "Supporting Files";
			sourceTree = "<group>";
		};
		607FACF51AFB993E008FA782 /* Metadata */ = {
			isa = PBXGroup;
			children = (
				CD829F37916D32011B39AD57 /* GeoFeatures2.podspec */,
				EA475C2F1CD9083A0013AFA1 /* Package.swift */,
				0F243D2FCE8800EAB521DC72 /* README.md */,
				2E8E8258ACE5267DDF6D0D4E /* LICENSE */,
				EAE2CF5E1CD43D500050BC30 /* Vagrantfile */,
			);
			name = Metadata;
			sourceTree = "<group>";
		};
		6DBFAA283F83F17E5D472548 /* Pods */ = {
			isa = PBXGroup;
			children = (
				006A7D88520201110758E6F9 /* Pods-GeoFeatures2_Example.debug.xcconfig */,
				FA6B35E10B1FEDBFEEA17571 /* Pods-GeoFeatures2_Example.release.xcconfig */,
				ECD05668FB877775EDD2C65A /* Pods-GeoFeatures2_Tests.debug.xcconfig */,
				A452A8843B6059AC09DA6B21 /* Pods-GeoFeatures2_Tests.release.xcconfig */,
			);
			name = Pods;
			sourceTree = "<group>";
		};
		EA475BDD1CD905AB0013AFA1 /* Geometry */ = {
			isa = PBXGroup;
			children = (
				EA475CD01CDA56EC0013AFA1 /* Coordinate2DTests.swift */,
				EA475CE31CDA833F0013AFA1 /* Coordinate2DTests+XCTest.swift */,
				EA475CCF1CDA56EC0013AFA1 /* Coordinate2DMTests.swift */,
				EA475CE51CDA86420013AFA1 /* Coordinate2DMTests+XCTest.swift */,
				EA475CA01CDA55E10013AFA1 /* Coordinate3DTests.swift */,
				EA475CE71CDA87480013AFA1 /* Coordinate3DTests+XCTest.swift */,
				EA475C9F1CDA55E10013AFA1 /* Coordinate3DMTests.swift */,
				EA475CE91CDA876A0013AFA1 /* Coordinate3DMTests+XCTest.swift */,
				EA475CA21CDA55E10013AFA1 /* FixedPrecisionTests.swift */,
				EA475CEE1CDBAFB50013AFA1 /* FixedPrecisionTests+XCTest.swift */,
				EA475CA31CDA55E10013AFA1 /* FloatingPrecisionTests.swift */,
				EA475CEF1CDBAFB50013AFA1 /* FloatingPrecisionTests+XCTest.swift */,
				EA475CA41CDA55E10013AFA1 /* GeometryCollection+GeometryTests.swift */,
				EA475CF01CDBAFB50013AFA1 /* GeometryCollection+GeometryTests+XCTest.swift */,
				EA475CA51CDA55E10013AFA1 /* LinearRing+GeometryTests.swift */,
				EA475CF11CDBAFB50013AFA1 /* LinearRing+GeometryTests+XCTest.swift */,
				EA0DF5F31CFD1EB100112C55 /* LinearRing+CurveTests.swift */,
				EA475CA61CDA55E10013AFA1 /* LinearRing+SurfaceTests.swift */,
				EA475CF21CDBAFB50013AFA1 /* LinearRing+SurfaceTests+XCTest.swift */,
				EA475CA71CDA55E10013AFA1 /* LinearRingTests.swift */,
				EA475CF31CDBAFB50013AFA1 /* LinearRingTests+XCTest.swift */,
				EA475CA91CDA55E10013AFA1 /* LineString+GeometryTests.swift */,
				EA475CF51CDBAFB50013AFA1 /* LineString+GeometryTests+XCTest.swift */,
				EA475CA81CDA55E10013AFA1 /* LineString+CurveTests.swift */,
				EA475CF41CDBAFB50013AFA1 /* LineString+CurveTests+XCTest.swift */,
				EA475CAA1CDA55E10013AFA1 /* LineStringTests.swift */,
				EA475CF61CDBAFB50013AFA1 /* LineStringTests+XCTest.swift */,
				EA475CAB1CDA55E10013AFA1 /* MultiLineString+GeometryTests.swift */,
				EA475CF71CDBAFB50013AFA1 /* MultiLineString+GeometryTests+XCTest.swift */,
				EA5C141B1CFE89BF0004732E /* MultiLineString+CurveTests.swift */,
				EA475CAC1CDA55E10013AFA1 /* MultiPoint+GeometryTests.swift */,
				EA475CF81CDBAFB50013AFA1 /* MultiPoint+GeometryTests+XCTest.swift */,
				EA475CAD1CDA55E10013AFA1 /* MultiPointTests.swift */,
				EA475CF91CDBAFB50013AFA1 /* MultiPointTests+XCTest.swift */,
				EA475CAF1CDA55E10013AFA1 /* MultiPolygon+GeometryTests.swift */,
				EA475CFA1CDBAFB50013AFA1 /* MultiPolygon+GeometryTests+XCTest.swift */,
				EA475CB01CDA55E10013AFA1 /* MultiPolygon+SurfaceTests.swift */,
				EA475CFB1CDBAFB50013AFA1 /* MultiPolygon+SurfaceTests+XCTest.swift */,
				EA475CB11CDA55E10013AFA1 /* Point+GeometryTests.swift */,
				EA475CFC1CDBAFB50013AFA1 /* Point+GeometryTests+XCTest.swift */,
				EA475CB21CDA55E10013AFA1 /* PointTests.swift */,
				EA475CFD1CDBAFB50013AFA1 /* PointTests+XCTest.swift */,
				EA475CB31CDA55E10013AFA1 /* Polygon+GeometryTests.swift */,
				EA475CFE1CDBAFB50013AFA1 /* Polygon+GeometryTests+XCTest.swift */,
				EA475CB41CDA55E10013AFA1 /* Polygon+SurfaceTest.swift */,
				EA475CFF1CDBAFB50013AFA1 /* Polygon+SurfaceTest+XCTest.swift */,
				EA475CB51CDA55E10013AFA1 /* WKTReaderTests.swift */,
				EA475D001CDBAFB50013AFA1 /* WKTReaderTests+XCTest.swift */,
				EA475CB61CDA55E10013AFA1 /* WKTWriterTests.swift */,
				EA475D011CDBAFB50013AFA1 /* WKTWriterTests+XCTest.swift */,
				EA1ADE921CDF88B0007DA473 /* IntersectionMatrixTests.swift */,
			);
			path = Geometry;
			sourceTree = "<group>";
		};
		EA475BDE1CD905B40013AFA1 /* Visualization */ = {
			isa = PBXGroup;
			children = (
			);
			name = Visualization;
			sourceTree = "<group>";
		};
		EA799B4C1C723DEF00397C2A /* Docs */ = {
			isa = PBXGroup;
			children = (
				EA799B4D1C723E0700397C2A /* GeoFeatures-Diagrams.graffle */,
				EA799B4E1C723E0700397C2A /* GeoFeatures-Inheritance-Diagram.png */,
			);
			name = Docs;
			sourceTree = "<group>";
		};
		EAB4C1CB1C6F7D6B00F288D1 /* Playgrounds */ = {
			isa = PBXGroup;
			children = (
				EAB4C1CC1C6F7D7D00F288D1 /* GeoFeatures.playground */,
			);
			name = Playgrounds;
			sourceTree = "<group>";
		};
		EAC75E7C1C91CD0100BA35F8 /* Scripts */ = {
			isa = PBXGroup;
			children = (
				EA475CDD1CDA63060013AFA1 /* process_geometry_gyb.sh */,
				EA475CDE1CDA63060013AFA1 /* process_tests_gyb.sh */,
				EA475CED1CDAA4EB0013AFA1 /* process_test_files.rb */,
			);
			name = Scripts;
			path = ..;
			sourceTree = SOURCE_ROOT;
		};
		EAC75E831C91E5B200BA35F8 /* Gyb */ = {
			isa = PBXGroup;
			children = (
				EA475CD91CDA62970013AFA1 /* CoordinateCollectionTests.swift.gyb */,
				EA475CDA1CDA62970013AFA1 /* MultiPointTests.swift.gyb */,
				EA475CD51CDA5CAC0013AFA1 /* CoordinateCollection.swift.gyb */,
				EA475CD61CDA5CAC0013AFA1 /* GeometryCollection.swift.gyb */,
			);
			name = Gyb;
			path = ..;
			sourceTree = SOURCE_ROOT;
		};
/* End PBXGroup section */

/* Begin PBXNativeTarget section */
		607FACCF1AFB9204008FA782 /* GeoFeatures2_Example */ = {
			isa = PBXNativeTarget;
			buildConfigurationList = 607FACEF1AFB9204008FA782 /* Build configuration list for PBXNativeTarget "GeoFeatures2_Example" */;
			buildPhases = (
				A62DF9BFBF5F3E13F2BEFD33 /* Check Pods Manifest.lock */,
				607FACCC1AFB9204008FA782 /* Sources */,
				607FACCD1AFB9204008FA782 /* Frameworks */,
				607FACCE1AFB9204008FA782 /* Resources */,
				67B48AC0188D8915EC262E44 /* Embed Pods Frameworks */,
				1D040E7367AEC4BC39E165D0 /* Copy Pods Resources */,
			);
			buildRules = (
			);
			dependencies = (
			);
			name = GeoFeatures2_Example;
			productName = GeoFeatures2;
			productReference = 607FACD01AFB9204008FA782 /* GeoFeatures2_Example.app */;
			productType = "com.apple.product-type.application";
		};
		607FACE41AFB9204008FA782 /* GeoFeatures2_Tests */ = {
			isa = PBXNativeTarget;
			buildConfigurationList = 607FACF21AFB9204008FA782 /* Build configuration list for PBXNativeTarget "GeoFeatures2_Tests" */;
			buildPhases = (
				957454C95BA67F13FD25AED8 /* Check Pods Manifest.lock */,
				607FACE11AFB9204008FA782 /* Sources */,
				607FACE21AFB9204008FA782 /* Frameworks */,
				607FACE31AFB9204008FA782 /* Resources */,
				D0EF847892F5CB078B78EF86 /* Embed Pods Frameworks */,
				395D575D7131B37CF25C75EE /* Copy Pods Resources */,
			);
			buildRules = (
			);
			dependencies = (
				607FACE71AFB9204008FA782 /* PBXTargetDependency */,
			);
			name = GeoFeatures2_Tests;
			productName = Tests;
			productReference = 607FACE51AFB9204008FA782 /* GeoFeatures2_Tests.xctest */;
			productType = "com.apple.product-type.bundle.unit-test";
		};
/* End PBXNativeTarget section */

/* Begin PBXProject section */
		607FACC81AFB9204008FA782 /* Project object */ = {
			isa = PBXProject;
			attributes = {
				LastSwiftUpdateCheck = 0730;
				LastUpgradeCheck = 0800;
				ORGANIZATIONNAME = CocoaPods;
				TargetAttributes = {
					607FACCF1AFB9204008FA782 = {
						CreatedOnToolsVersion = 6.3.1;
						LastSwiftMigration = 0800;
					};
					607FACE41AFB9204008FA782 = {
						CreatedOnToolsVersion = 6.3.1;
						LastSwiftMigration = 0800;
						TestTargetID = 607FACCF1AFB9204008FA782;
					};
					EAC75E881C91E84900BA35F8 = {
						CreatedOnToolsVersion = 7.2.1;
					};
				};
			};
			buildConfigurationList = 607FACCB1AFB9204008FA782 /* Build configuration list for PBXProject "GeoFeatures2" */;
			compatibilityVersion = "Xcode 3.2";
			developmentRegion = English;
			hasScannedForEncodings = 0;
			knownRegions = (
				en,
				Base,
			);
			mainGroup = 607FACC71AFB9204008FA782;
			productRefGroup = 607FACD11AFB9204008FA782 /* Products */;
			projectDirPath = "";
			projectRoot = "";
			targets = (
				607FACCF1AFB9204008FA782 /* GeoFeatures2_Example */,
				607FACE41AFB9204008FA782 /* GeoFeatures2_Tests */,
				EAC75E881C91E84900BA35F8 /* Process Source Files */,
			);
		};
/* End PBXProject section */

/* Begin PBXResourcesBuildPhase section */
		607FACCE1AFB9204008FA782 /* Resources */ = {
			isa = PBXResourcesBuildPhase;
			buildActionMask = 2147483647;
			files = (
				607FACDB1AFB9204008FA782 /* Main.storyboard in Resources */,
				607FACE01AFB9204008FA782 /* LaunchScreen.xib in Resources */,
				607FACDD1AFB9204008FA782 /* Images.xcassets in Resources */,
			);
			runOnlyForDeploymentPostprocessing = 0;
		};
		607FACE31AFB9204008FA782 /* Resources */ = {
			isa = PBXResourcesBuildPhase;
			buildActionMask = 2147483647;
			files = (
				EA475CDC1CDA62970013AFA1 /* MultiPointTests.swift.gyb in Resources */,
				EA475CE01CDA63060013AFA1 /* process_tests_gyb.sh in Resources */,
				EA475CD71CDA5CAC0013AFA1 /* CoordinateCollection.swift.gyb in Resources */,
				EA475CD81CDA5CAC0013AFA1 /* GeometryCollection.swift.gyb in Resources */,
				EA475CDB1CDA62970013AFA1 /* CoordinateCollectionTests.swift.gyb in Resources */,
				EA475CDF1CDA63060013AFA1 /* process_geometry_gyb.sh in Resources */,
			);
			runOnlyForDeploymentPostprocessing = 0;
		};
/* End PBXResourcesBuildPhase section */

/* Begin PBXShellScriptBuildPhase section */
		1D040E7367AEC4BC39E165D0 /* Copy Pods Resources */ = {
			isa = PBXShellScriptBuildPhase;
			buildActionMask = 2147483647;
			files = (
			);
			inputPaths = (
			);
			name = "Copy Pods Resources";
			outputPaths = (
			);
			runOnlyForDeploymentPostprocessing = 0;
			shellPath = /bin/sh;
			shellScript = "\"${SRCROOT}/Pods/Target Support Files/Pods-GeoFeatures2_Example/Pods-GeoFeatures2_Example-resources.sh\"\n";
			showEnvVarsInLog = 0;
		};
		395D575D7131B37CF25C75EE /* Copy Pods Resources */ = {
			isa = PBXShellScriptBuildPhase;
			buildActionMask = 2147483647;
			files = (
			);
			inputPaths = (
			);
			name = "Copy Pods Resources";
			outputPaths = (
			);
			runOnlyForDeploymentPostprocessing = 0;
			shellPath = /bin/sh;
			shellScript = "\"${SRCROOT}/Pods/Target Support Files/Pods-GeoFeatures2_Tests/Pods-GeoFeatures2_Tests-resources.sh\"\n";
			showEnvVarsInLog = 0;
		};
		67B48AC0188D8915EC262E44 /* Embed Pods Frameworks */ = {
			isa = PBXShellScriptBuildPhase;
			buildActionMask = 2147483647;
			files = (
			);
			inputPaths = (
			);
			name = "Embed Pods Frameworks";
			outputPaths = (
			);
			runOnlyForDeploymentPostprocessing = 0;
			shellPath = /bin/sh;
			shellScript = "\"${SRCROOT}/Pods/Target Support Files/Pods-GeoFeatures2_Example/Pods-GeoFeatures2_Example-frameworks.sh\"\n";
			showEnvVarsInLog = 0;
		};
		957454C95BA67F13FD25AED8 /* Check Pods Manifest.lock */ = {
			isa = PBXShellScriptBuildPhase;
			buildActionMask = 2147483647;
			files = (
			);
			inputPaths = (
			);
			name = "Check Pods Manifest.lock";
			outputPaths = (
			);
			runOnlyForDeploymentPostprocessing = 0;
			shellPath = /bin/sh;
			shellScript = "diff \"${PODS_ROOT}/../Podfile.lock\" \"${PODS_ROOT}/Manifest.lock\" > /dev/null\nif [[ $? != 0 ]] ; then\n    cat << EOM\nerror: The sandbox is not in sync with the Podfile.lock. Run 'pod install' or update your CocoaPods installation.\nEOM\n    exit 1\nfi\n";
			showEnvVarsInLog = 0;
		};
		A62DF9BFBF5F3E13F2BEFD33 /* Check Pods Manifest.lock */ = {
			isa = PBXShellScriptBuildPhase;
			buildActionMask = 2147483647;
			files = (
			);
			inputPaths = (
			);
			name = "Check Pods Manifest.lock";
			outputPaths = (
			);
			runOnlyForDeploymentPostprocessing = 0;
			shellPath = /bin/sh;
			shellScript = "diff \"${PODS_ROOT}/../Podfile.lock\" \"${PODS_ROOT}/Manifest.lock\" > /dev/null\nif [[ $? != 0 ]] ; then\n    cat << EOM\nerror: The sandbox is not in sync with the Podfile.lock. Run 'pod install' or update your CocoaPods installation.\nEOM\n    exit 1\nfi\n";
			showEnvVarsInLog = 0;
		};
		D0EF847892F5CB078B78EF86 /* Embed Pods Frameworks */ = {
			isa = PBXShellScriptBuildPhase;
			buildActionMask = 2147483647;
			files = (
			);
			inputPaths = (
			);
			name = "Embed Pods Frameworks";
			outputPaths = (
			);
			runOnlyForDeploymentPostprocessing = 0;
			shellPath = /bin/sh;
			shellScript = "\"${SRCROOT}/Pods/Target Support Files/Pods-GeoFeatures2_Tests/Pods-GeoFeatures2_Tests-frameworks.sh\"\n";
			showEnvVarsInLog = 0;
		};
		EA475D161CDBDD4B0013AFA1 /* ShellScript */ = {
			isa = PBXShellScriptBuildPhase;
			buildActionMask = 2147483647;
			files = (
			);
			inputPaths = (
			);
			outputPaths = (
			);
			runOnlyForDeploymentPostprocessing = 0;
			shellPath = /bin/sh;
			shellScript = "cd ../\nScripts/process_test_files.rb";
		};
		EAC75E8C1C91E86600BA35F8 /* ShellScript */ = {
			isa = PBXShellScriptBuildPhase;
			buildActionMask = 2147483647;
			files = (
			);
			inputPaths = (
			);
			outputPaths = (
			);
			runOnlyForDeploymentPostprocessing = 0;
			shellPath = /bin/sh;
			shellScript = ../Scripts/process_geometry_gyb.sh;
		};
		EAC75E8D1C91E86800BA35F8 /* ShellScript */ = {
			isa = PBXShellScriptBuildPhase;
			buildActionMask = 2147483647;
			files = (
			);
			inputPaths = (
			);
			outputPaths = (
			);
			runOnlyForDeploymentPostprocessing = 0;
			shellPath = /bin/sh;
			shellScript = ../Scripts/process_tests_gyb.sh;
		};
/* End PBXShellScriptBuildPhase section */

/* Begin PBXSourcesBuildPhase section */
		607FACCC1AFB9204008FA782 /* Sources */ = {
			isa = PBXSourcesBuildPhase;
			buildActionMask = 2147483647;
			files = (
				607FACD81AFB9204008FA782 /* ViewController.swift in Sources */,
				607FACD61AFB9204008FA782 /* AppDelegate.swift in Sources */,
			);
			runOnlyForDeploymentPostprocessing = 0;
		};
		607FACE11AFB9204008FA782 /* Sources */ = {
			isa = PBXSourcesBuildPhase;
			buildActionMask = 2147483647;
			files = (
				EA475CBC1CDA55E10013AFA1 /* GeometryCollection+GeometryTests.swift in Sources */,
				EA475CC41CDA55E10013AFA1 /* MultiPoint+GeometryTests.swift in Sources */,
				EA475CBA1CDA55E10013AFA1 /* FixedPrecisionTests.swift in Sources */,
				EA475CCB1CDA55E10013AFA1 /* Polygon+GeometryTests.swift in Sources */,
				EA475CC91CDA55E10013AFA1 /* Point+GeometryTests.swift in Sources */,
				EA475D041CDBAFB50013AFA1 /* GeometryCollection+GeometryTests+XCTest.swift in Sources */,
				EA475D101CDBAFB50013AFA1 /* Point+GeometryTests+XCTest.swift in Sources */,
				EA475CBE1CDA55E10013AFA1 /* LinearRing+SurfaceTests.swift in Sources */,
				EA475D131CDBAFB50013AFA1 /* Polygon+SurfaceTest+XCTest.swift in Sources */,
				EA475D061CDBAFB50013AFA1 /* LinearRing+SurfaceTests+XCTest.swift in Sources */,
				EA475D111CDBAFB50013AFA1 /* PointTests+XCTest.swift in Sources */,
				EA475CE61CDA86420013AFA1 /* Coordinate2DMTests+XCTest.swift in Sources */,
				EA475CC81CDA55E10013AFA1 /* MultiPolygon+SurfaceTests.swift in Sources */,
				EA475D021CDBAFB50013AFA1 /* FixedPrecisionTests+XCTest.swift in Sources */,
				EA475CCE1CDA55E10013AFA1 /* WKTWriterTests.swift in Sources */,
				EA475CBD1CDA55E10013AFA1 /* LinearRing+GeometryTests.swift in Sources */,
				EA475D0D1CDBAFB50013AFA1 /* MultiPointTests+XCTest.swift in Sources */,
				EA1ADE931CDF88B0007DA473 /* IntersectionMatrixTests.swift in Sources */,
				EA5C141D1CFE8A490004732E /* MultiLineString+CurveTests.swift in Sources */,
				EA475CC71CDA55E10013AFA1 /* MultiPolygon+GeometryTests.swift in Sources */,
				EA475CEA1CDA876A0013AFA1 /* Coordinate3DMTests+XCTest.swift in Sources */,
				EA475CC01CDA55E10013AFA1 /* LineString+CurveTests.swift in Sources */,
				EA475CE81CDA87480013AFA1 /* Coordinate3DTests+XCTest.swift in Sources */,
				EA475CD21CDA56EC0013AFA1 /* Coordinate2DTests.swift in Sources */,
				EA475D121CDBAFB50013AFA1 /* Polygon+GeometryTests+XCTest.swift in Sources */,
				EA475D0A1CDBAFB50013AFA1 /* LineStringTests+XCTest.swift in Sources */,
				EA475CC51CDA55E10013AFA1 /* MultiPointTests.swift in Sources */,
				EA475D091CDBAFB50013AFA1 /* LineString+GeometryTests+XCTest.swift in Sources */,
				EA475D0B1CDBAFB50013AFA1 /* MultiLineString+GeometryTests+XCTest.swift in Sources */,
				EA0DF5F41CFD1EB100112C55 /* LinearRing+CurveTests.swift in Sources */,
				EA475D031CDBAFB50013AFA1 /* FloatingPrecisionTests+XCTest.swift in Sources */,
				EA475CB81CDA55E10013AFA1 /* Coordinate3DTests.swift in Sources */,
				EA475CE41CDA833F0013AFA1 /* Coordinate2DTests+XCTest.swift in Sources */,
				EA475CCC1CDA55E10013AFA1 /* Polygon+SurfaceTest.swift in Sources */,
				EA475CCD1CDA55E10013AFA1 /* WKTReaderTests.swift in Sources */,
				EA475CC11CDA55E10013AFA1 /* LineString+GeometryTests.swift in Sources */,
				EA475D081CDBAFB50013AFA1 /* LineString+CurveTests+XCTest.swift in Sources */,
				EA475D151CDBAFB50013AFA1 /* WKTWriterTests+XCTest.swift in Sources */,
				EA475CCA1CDA55E10013AFA1 /* PointTests.swift in Sources */,
				EA475D141CDBAFB50013AFA1 /* WKTReaderTests+XCTest.swift in Sources */,
				EA475D0E1CDBAFB50013AFA1 /* MultiPolygon+GeometryTests+XCTest.swift in Sources */,
				EA475CC21CDA55E10013AFA1 /* LineStringTests.swift in Sources */,
				EA475D071CDBAFB50013AFA1 /* LinearRingTests+XCTest.swift in Sources */,
				EA475CBB1CDA55E10013AFA1 /* FloatingPrecisionTests.swift in Sources */,
				EA475D051CDBAFB50013AFA1 /* LinearRing+GeometryTests+XCTest.swift in Sources */,
				EA475CD11CDA56EC0013AFA1 /* Coordinate2DMTests.swift in Sources */,
				EA475CBF1CDA55E10013AFA1 /* LinearRingTests.swift in Sources */,
				EA475CC31CDA55E10013AFA1 /* MultiLineString+GeometryTests.swift in Sources */,
				EA475CB71CDA55E10013AFA1 /* Coordinate3DMTests.swift in Sources */,
				EA475D0C1CDBAFB50013AFA1 /* MultiPoint+GeometryTests+XCTest.swift in Sources */,
				EA475D0F1CDBAFB50013AFA1 /* MultiPolygon+SurfaceTests+XCTest.swift in Sources */,
			);
			runOnlyForDeploymentPostprocessing = 0;
		};
/* End PBXSourcesBuildPhase section */

/* Begin PBXTargetDependency section */
		607FACE71AFB9204008FA782 /* PBXTargetDependency */ = {
			isa = PBXTargetDependency;
			target = 607FACCF1AFB9204008FA782 /* GeoFeatures2_Example */;
			targetProxy = 607FACE61AFB9204008FA782 /* PBXContainerItemProxy */;
		};
/* End PBXTargetDependency section */

/* Begin PBXVariantGroup section */
		607FACD91AFB9204008FA782 /* Main.storyboard */ = {
			isa = PBXVariantGroup;
			children = (
				607FACDA1AFB9204008FA782 /* Base */,
			);
			name = Main.storyboard;
			sourceTree = "<group>";
		};
		607FACDE1AFB9204008FA782 /* LaunchScreen.xib */ = {
			isa = PBXVariantGroup;
			children = (
				607FACDF1AFB9204008FA782 /* Base */,
			);
			name = LaunchScreen.xib;
			sourceTree = "<group>";
		};
/* End PBXVariantGroup section */

/* Begin XCBuildConfiguration section */
		607FACED1AFB9204008FA782 /* Debug */ = {
			isa = XCBuildConfiguration;
			buildSettings = {
				ALWAYS_SEARCH_USER_PATHS = NO;
				CLANG_CXX_LANGUAGE_STANDARD = "gnu++0x";
				CLANG_CXX_LIBRARY = "libc++";
				CLANG_ENABLE_MODULES = YES;
				CLANG_ENABLE_OBJC_ARC = YES;
				CLANG_WARN_BOOL_CONVERSION = YES;
				CLANG_WARN_CONSTANT_CONVERSION = YES;
				CLANG_WARN_DIRECT_OBJC_ISA_USAGE = YES_ERROR;
				CLANG_WARN_EMPTY_BODY = YES;
				CLANG_WARN_ENUM_CONVERSION = YES;
				CLANG_WARN_INT_CONVERSION = YES;
				CLANG_WARN_OBJC_ROOT_CLASS = YES_ERROR;
				CLANG_WARN_UNREACHABLE_CODE = YES;
				CLANG_WARN__DUPLICATE_METHOD_MATCH = YES;
				"CODE_SIGN_IDENTITY[sdk=iphoneos*]" = "iPhone Developer";
				COPY_PHASE_STRIP = NO;
				DEBUG_INFORMATION_FORMAT = "dwarf-with-dsym";
				ENABLE_STRICT_OBJC_MSGSEND = YES;
				ENABLE_TESTABILITY = YES;
				GCC_C_LANGUAGE_STANDARD = gnu99;
				GCC_DYNAMIC_NO_PIC = NO;
				GCC_NO_COMMON_BLOCKS = YES;
				GCC_OPTIMIZATION_LEVEL = 0;
				GCC_PREPROCESSOR_DEFINITIONS = (
					"DEBUG=1",
					"$(inherited)",
				);
				GCC_SYMBOLS_PRIVATE_EXTERN = NO;
				GCC_WARN_64_TO_32_BIT_CONVERSION = YES;
				GCC_WARN_ABOUT_RETURN_TYPE = YES_ERROR;
				GCC_WARN_UNDECLARED_SELECTOR = YES;
				GCC_WARN_UNINITIALIZED_AUTOS = YES_AGGRESSIVE;
				GCC_WARN_UNUSED_FUNCTION = YES;
				GCC_WARN_UNUSED_VARIABLE = YES;
				IPHONEOS_DEPLOYMENT_TARGET = 8.3;
				MTL_ENABLE_DEBUG_INFO = YES;
				ONLY_ACTIVE_ARCH = YES;
				SDKROOT = iphoneos;
				SWIFT_OPTIMIZATION_LEVEL = "-Onone";
			};
			name = Debug;
		};
		607FACEE1AFB9204008FA782 /* Release */ = {
			isa = XCBuildConfiguration;
			buildSettings = {
				ALWAYS_SEARCH_USER_PATHS = NO;
				CLANG_CXX_LANGUAGE_STANDARD = "gnu++0x";
				CLANG_CXX_LIBRARY = "libc++";
				CLANG_ENABLE_MODULES = YES;
				CLANG_ENABLE_OBJC_ARC = YES;
				CLANG_WARN_BOOL_CONVERSION = YES;
				CLANG_WARN_CONSTANT_CONVERSION = YES;
				CLANG_WARN_DIRECT_OBJC_ISA_USAGE = YES_ERROR;
				CLANG_WARN_EMPTY_BODY = YES;
				CLANG_WARN_ENUM_CONVERSION = YES;
				CLANG_WARN_INT_CONVERSION = YES;
				CLANG_WARN_OBJC_ROOT_CLASS = YES_ERROR;
				CLANG_WARN_UNREACHABLE_CODE = YES;
				CLANG_WARN__DUPLICATE_METHOD_MATCH = YES;
				"CODE_SIGN_IDENTITY[sdk=iphoneos*]" = "iPhone Developer";
				COPY_PHASE_STRIP = NO;
				DEBUG_INFORMATION_FORMAT = "dwarf-with-dsym";
				ENABLE_NS_ASSERTIONS = NO;
				ENABLE_STRICT_OBJC_MSGSEND = YES;
				GCC_C_LANGUAGE_STANDARD = gnu99;
				GCC_NO_COMMON_BLOCKS = YES;
				GCC_WARN_64_TO_32_BIT_CONVERSION = YES;
				GCC_WARN_ABOUT_RETURN_TYPE = YES_ERROR;
				GCC_WARN_UNDECLARED_SELECTOR = YES;
				GCC_WARN_UNINITIALIZED_AUTOS = YES_AGGRESSIVE;
				GCC_WARN_UNUSED_FUNCTION = YES;
				GCC_WARN_UNUSED_VARIABLE = YES;
				IPHONEOS_DEPLOYMENT_TARGET = 8.3;
				MTL_ENABLE_DEBUG_INFO = NO;
				SDKROOT = iphoneos;
				VALIDATE_PRODUCT = YES;
			};
			name = Release;
		};
		607FACF01AFB9204008FA782 /* Debug */ = {
			isa = XCBuildConfiguration;
			baseConfigurationReference = 006A7D88520201110758E6F9 /* Pods-GeoFeatures2_Example.debug.xcconfig */;
			buildSettings = {
				ALWAYS_EMBED_SWIFT_STANDARD_LIBRARIES = YES;
				ASSETCATALOG_COMPILER_APPICON_NAME = AppIcon;
				INFOPLIST_FILE = GeoFeatures2/Info.plist;
				LD_RUNPATH_SEARCH_PATHS = "$(inherited) @executable_path/Frameworks";
				MODULE_NAME = ExampleApp;
				PRODUCT_BUNDLE_IDENTIFIER = "org.cocoapods.demo.$(PRODUCT_NAME:rfc1034identifier)";
				PRODUCT_NAME = "$(TARGET_NAME)";
				SWIFT_VERSION = 3.0;
			};
			name = Debug;
		};
		607FACF11AFB9204008FA782 /* Release */ = {
			isa = XCBuildConfiguration;
			baseConfigurationReference = FA6B35E10B1FEDBFEEA17571 /* Pods-GeoFeatures2_Example.release.xcconfig */;
			buildSettings = {
				ALWAYS_EMBED_SWIFT_STANDARD_LIBRARIES = YES;
				ASSETCATALOG_COMPILER_APPICON_NAME = AppIcon;
				INFOPLIST_FILE = GeoFeatures2/Info.plist;
				LD_RUNPATH_SEARCH_PATHS = "$(inherited) @executable_path/Frameworks";
				MODULE_NAME = ExampleApp;
				PRODUCT_BUNDLE_IDENTIFIER = "org.cocoapods.demo.$(PRODUCT_NAME:rfc1034identifier)";
				PRODUCT_NAME = "$(TARGET_NAME)";
				SWIFT_OPTIMIZATION_LEVEL = "-Owholemodule";
				SWIFT_VERSION = 3.0;
			};
			name = Release;
		};
		607FACF31AFB9204008FA782 /* Debug */ = {
			isa = XCBuildConfiguration;
			baseConfigurationReference = ECD05668FB877775EDD2C65A /* Pods-GeoFeatures2_Tests.debug.xcconfig */;
			buildSettings = {
				ALWAYS_EMBED_SWIFT_STANDARD_LIBRARIES = YES;
				BUNDLE_LOADER = "$(TEST_HOST)";
				CLANG_ENABLE_MODULES = YES;
				FRAMEWORK_SEARCH_PATHS = "$(inherited)";
				GCC_PREPROCESSOR_DEFINITIONS = (
					"DEBUG=1",
					"$(inherited)",
				);
				INFOPLIST_FILE = ../Tests/Info.plist;
				LD_RUNPATH_SEARCH_PATHS = "$(inherited) @executable_path/Frameworks @loader_path/Frameworks";
				PRODUCT_BUNDLE_IDENTIFIER = "org.cocoapods.$(PRODUCT_NAME:rfc1034identifier)";
				PRODUCT_NAME = "$(TARGET_NAME)";
				SWIFT_OPTIMIZATION_LEVEL = "-Onone";
				SWIFT_VERSION = 3.0;
				TEST_HOST = "$(BUILT_PRODUCTS_DIR)/GeoFeatures2_Example.app/GeoFeatures2_Example";
			};
			name = Debug;
		};
		607FACF41AFB9204008FA782 /* Release */ = {
			isa = XCBuildConfiguration;
			baseConfigurationReference = A452A8843B6059AC09DA6B21 /* Pods-GeoFeatures2_Tests.release.xcconfig */;
			buildSettings = {
				ALWAYS_EMBED_SWIFT_STANDARD_LIBRARIES = YES;
				BUNDLE_LOADER = "$(TEST_HOST)";
				CLANG_ENABLE_MODULES = YES;
				FRAMEWORK_SEARCH_PATHS = "$(inherited)";
				INFOPLIST_FILE = ../Tests/Info.plist;
				LD_RUNPATH_SEARCH_PATHS = "$(inherited) @executable_path/Frameworks @loader_path/Frameworks";
				PRODUCT_BUNDLE_IDENTIFIER = "org.cocoapods.$(PRODUCT_NAME:rfc1034identifier)";
				PRODUCT_NAME = "$(TARGET_NAME)";
				SWIFT_OPTIMIZATION_LEVEL = "-Owholemodule";
				SWIFT_VERSION = 3.0;
				TEST_HOST = "$(BUILT_PRODUCTS_DIR)/GeoFeatures2_Example.app/GeoFeatures2_Example";
			};
			name = Release;
		};
		EAC75E8A1C91E84900BA35F8 /* Debug */ = {
			isa = XCBuildConfiguration;
			buildSettings = {
				PRODUCT_NAME = "$(TARGET_NAME)";
			};
			name = Debug;
		};
		EAC75E8B1C91E84900BA35F8 /* Release */ = {
			isa = XCBuildConfiguration;
			buildSettings = {
				PRODUCT_NAME = "$(TARGET_NAME)";
			};
			name = Release;
		};
/* End XCBuildConfiguration section */

/* Begin XCConfigurationList section */
		607FACCB1AFB9204008FA782 /* Build configuration list for PBXProject "GeoFeatures2" */ = {
			isa = XCConfigurationList;
			buildConfigurations = (
				607FACED1AFB9204008FA782 /* Debug */,
				607FACEE1AFB9204008FA782 /* Release */,
			);
			defaultConfigurationIsVisible = 0;
			defaultConfigurationName = Release;
		};
		607FACEF1AFB9204008FA782 /* Build configuration list for PBXNativeTarget "GeoFeatures2_Example" */ = {
			isa = XCConfigurationList;
			buildConfigurations = (
				607FACF01AFB9204008FA782 /* Debug */,
				607FACF11AFB9204008FA782 /* Release */,
			);
			defaultConfigurationIsVisible = 0;
			defaultConfigurationName = Release;
		};
		607FACF21AFB9204008FA782 /* Build configuration list for PBXNativeTarget "GeoFeatures2_Tests" */ = {
			isa = XCConfigurationList;
			buildConfigurations = (
				607FACF31AFB9204008FA782 /* Debug */,
				607FACF41AFB9204008FA782 /* Release */,
			);
			defaultConfigurationIsVisible = 0;
			defaultConfigurationName = Release;
		};
		EAC75E891C91E84900BA35F8 /* Build configuration list for PBXAggregateTarget "Process Source Files" */ = {
			isa = XCConfigurationList;
			buildConfigurations = (
				EAC75E8A1C91E84900BA35F8 /* Debug */,
				EAC75E8B1C91E84900BA35F8 /* Release */,
			);
			defaultConfigurationIsVisible = 0;
			defaultConfigurationName = Release;
		};
/* End XCConfigurationList section */
	};
	rootObject = 607FACC81AFB9204008FA782 /* Project object */;
}
